
Microsoft Visual Studio Solution File, Format Version 12.00
# Visual Studio Version 16
VisualStudioVersion = 16.0.29926.136
MinimumVisualStudioVersion = 10.0.40219.1
Project("{FAE04EC0-301F-11D3-BF4B-00C04F79EFBC}") = "WebApplication3", "WebApplication3.csproj", "{8FE5B649-AEB3-4A87-A74D-C5D56F8C3577}"
EndProject
Global
	GlobalSection(SolutionConfigurationPlatforms) = preSolution
		Debug|Any CPU = Debug|Any CPU
		Release|Any CPU = Release|Any CPU
	EndGlobalSection
	GlobalSection(ProjectConfigurationPlatforms) = postSolution
		{8FE5B649-AEB3-4A87-A74D-C5D56F8C3577}.Debug|Any CPU.ActiveCfg = Debug|Any CPU
		{8FE5B649-AEB3-4A87-A74D-C5D56F8C3577}.Debug|Any CPU.Build.0 = Debug|Any CPU
		{8FE5B649-AEB3-4A87-A74D-C5D56F8C3577}.Release|Any CPU.ActiveCfg = Release|Any CPU
		{8FE5B649-AEB3-4A87-A74D-C5D56F8C3577}.Release|Any CPU.Build.0 = Release|Any CPU
	EndGlobalSection
	GlobalSection(SolutionProperties) = preSolution
		HideSolutionNode = FALSE
	EndGlobalSection
	GlobalSection(ExtensibilityGlobals) = postSolution
		SolutionGuid = {792F2F61-E1C0-43D4-9F5B-8BA19E2C4545}
	EndGlobalSection
EndGlobal
